{
  "name": "backend",
  "version": "1.0.0",
  "lockfileVersion": 3,
  "requires": true,
  "packages": {
    "": {
      "name": "backend",
      "version": "1.0.0",
      "dependencies": {
        "@azure/functions": "^4.0.0",
        "chromadb": "^3.1.4"
      }
    },
    "node_modules/@azure/functions": {
      "version": "4.9.0",
      "resolved": "https://registry.npmjs.org/@azure/functions/-/functions-4.9.0.tgz",
      "integrity": "sha512-IlgCl2/OiSXjMaow5oUhtMQMlsxEAZwsk7BXoT44vgzdIaiZz1VjCzGK9D/7pi6bd0FSyDo6H/1mZASzcD0K6A==",
      "license": "MIT",
      "dependencies": {
        "@azure/functions-extensions-base": "0.2.0",
        "cookie": "^0.7.0",
        "long": "^4.0.0",
        "undici": "^5.29.0"
      },
      "engines": {
        "node": ">=20.0"
      }
    },
    "node_modules/@azure/functions-extensions-base": {
      "version": "0.2.0",
      "resolved": "https://registry.npmjs.org/@azure/functions-extensions-base/-/functions-extensions-base-0.2.0.tgz",
      "integrity": "sha512-ncCkHBNQYJa93dBIh+toH0v1iSgCzSo9tr94s6SMBe7DPWREkaWh8cq33A5P4rPSFX1g5W+3SPvIzDr/6/VOWQ==",
      "license": "MIT",
      "engines": {
        "node": ">=18.0"
      }
    },
    "node_modules/@fastify/busboy": {
      "version": "2.1.1",
      "resolved": "https://registry.npmjs.org/@fastify/busboy/-/busboy-2.1.1.tgz",
      "integrity": "sha512-vBZP4NlzfOlerQTnba4aqZoMhE/a9HY7HRqoOPaETQcSQuWEIyZMHGfVu6w9wGtGK5fED5qRs2DteVCjOH60sA==",
      "license": "MIT",
      "engines": {
        "node": ">=14"
      }
    },
    "node_modules/chromadb": {
      "version": "3.1.4",
      "resolved": "https://registry.npmjs.org/chromadb/-/chromadb-3.1.4.tgz",
      "integrity": "sha512-MCdiYlvBR0w4mX3ED4CtDU2snOWlk6Lh/O2ERib3YNgIOKba9x+4wrU9S3IdvUgC458m/ffisJNcFDxEVw3idw==",
      "license": "Apache-2.0",
      "dependencies": {
        "semver": "^7.7.1"
      },
      "bin": {
        "chroma": "dist/cli.mjs"
      },
      "engines": {
        "node": ">=20"
      },
      "optionalDependencies": {
        "chromadb-js-bindings-darwin-arm64": "^1.1.0",
        "chromadb-js-bindings-darwin-x64": "^1.1.0",
        "chromadb-js-bindings-linux-arm64-gnu": "^1.1.0",
        "chromadb-js-bindings-linux-x64-gnu": "^1.1.0",
        "chromadb-js-bindings-win32-x64-msvc": "^1.1.0"
      }
    },
    "node_modules/chromadb-js-bindings-darwin-arm64": {
      "version": "1.1.0",
      "resolved": "https://registry.npmjs.org/chromadb-js-bindings-darwin-arm64/-/chromadb-js-bindings-darwin-arm64-1.1.0.tgz",
      "integrity": "sha512-0N2MpTdip9czfeUo3rXe17gowRiIhfv1EDNt+ycVPQe3Jna9cCqOU6PZDVIj/doNNE0ZS+jRF54tOZut/5Zwqw==",
      "cpu": [
        "arm64"
      ],
      "license": "MIT",
      "optional": true,
      "os": [
        "darwin"
      ],
      "engines": {
        "node": ">= 10"
      }
    },
    "node_modules/chromadb-js-bindings-darwin-x64": {
      "version": "1.1.0",
      "resolved": "https://registry.npmjs.org/chromadb-js-bindings-darwin-x64/-/chromadb-js-bindings-darwin-x64-1.1.0.tgz",
      "integrity": "sha512-CLyGULSb1rzJvibL6Gm9esq+PtROlxIrGFi78C7xQDeJ9pOghCyFIY+RIK1yrLdFaujXk+T7wjbyn+cJLZ/vpw==",
      "cpu": [
        "x64"
      ],
      "license": "MIT",
      "optional": true,
      "os": [
        "darwin"
      ],
      "engines": {
        "node": ">= 10"
      }
    },
    "node_modules/chromadb-js-bindings-linux-arm64-gnu": {
      "version": "1.1.0",
      "resolved": "https://registry.npmjs.org/chromadb-js-bindings-linux-arm64-gnu/-/chromadb-js-bindings-linux-arm64-gnu-1.1.0.tgz",
      "integrity": "sha512-gUDYrWukiQY2ETsvwlzpVUI3d9mdte2qLxYqb7aBj8RKeGfsfzNnecGwx8lkmUGIlld8eWeHVrhmeAOXVfNaGw==",
      "cpu": [
        "arm64"
      ],
      "license": "MIT",
      "optional": true,
      "os": [
        "linux"
      ],
      "engines": {
        "node": ">= 10"
      }
    },
    "node_modules/chromadb-js-bindings-linux-x64-gnu": {
      "version": "1.1.0",
      "resolved": "https://registry.npmjs.org/chromadb-js-bindings-linux-x64-gnu/-/chromadb-js-bindings-linux-x64-gnu-1.1.0.tgz",
      "integrity": "sha512-4WK1TgxElFjdXBtOkMgnnaB9PVcXEEVtRY3kAOSR8sZ/ZQ2gRbqc/rM2i8pc8h/jQG8oo5nMqhipEzu3UGqKaA==",
      "cpu": [
        "x64"
      ],
      "license": "MIT",
      "optional": true,
      "os": [
        "linux"
      ],
      "engines": {
        "node": ">= 10"
      }
    },
    "node_modules/chromadb-js-bindings-win32-x64-msvc": {
      "version": "1.1.0",
      "resolved": "https://registry.npmjs.org/chromadb-js-bindings-win32-x64-msvc/-/chromadb-js-bindings-win32-x64-msvc-1.1.0.tgz",
      "integrity": "sha512-yfvGagYzqUa/MSG6HoXhfa+Crznhzt0L/N6QROdPXrHxQ0kG/+4/l4rh3VvZ7zThzvpDg5ncnFesf5ryIC33ow==",
      "cpu": [
        "x64"
      ],
      "license": "MIT",
      "optional": true,
      "os": [
        "win32"
      ],
      "engines": {
        "node": ">= 10"
      }
    },
    "node_modules/cookie": {
      "version": "0.7.2",
      "resolved": "https://registry.npmjs.org/cookie/-/cookie-0.7.2.tgz",
      "integrity": "sha512-yki5XnKuf750l50uGTllt6kKILY4nQ1eNIQatoXEByZ5dWgnKqbnqmTrBE5B4N7lrMJKQ2ytWMiTO2o0v6Ew/w==",
      "license": "MIT",
      "engines": {
        "node": ">= 0.6"
      }
    },
    "node_modules/long": {
      "version": "4.0.0",
      "resolved": "https://registry.npmjs.org/long/-/long-4.0.0.tgz",
      "integrity": "sha512-XsP+KhQif4bjX1kbuSiySJFNAehNxgLb6hPRGJ9QsUr8ajHkuXGdrHmFUTUUXhDwVX2R5bY4JNZEwbUiMhV+MA==",
      "license": "Apache-2.0"
    },
    "node_modules/semver": {
      "version": "7.7.3",
      "resolved": "https://registry.npmjs.org/semver/-/semver-7.7.3.tgz",
      "integrity": "sha512-SdsKMrI9TdgjdweUSR9MweHA4EJ8YxHn8DFaDisvhVlUOe4BF1tLD7GAj0lIqWVl+dPb/rExr0Btby5loQm20Q==",
      "license": "ISC",
      "bin": {
        "semver": "bin/semver.js"
      },
      "engines": {
        "node": ">=10"
      }
    },
    "node_modules/undici": {
      "version": "5.29.0",
      "resolved": "https://registry.npmjs.org/undici/-/undici-5.29.0.tgz",
      "integrity": "sha512-raqeBD6NQK4SkWhQzeYKd1KmIG6dllBOTt55Rmkt4HtI9mwdWtJljnrXjAFUBLTSN67HWrOIZ3EPF4kjUw80Bg==",
      "license": "MIT",
      "dependencies": {
        "@fastify/busboy": "^2.0.0"
      },
      "engines": {
        "node": ">=14.0"
      }
    }
  }
}
